
Microsoft Visual Studio Solution File, Format Version 12.00
# Visual Studio 2012
Project("{FAE04EC0-301F-11D3-BF4B-00C04F79EFBC}") = "tihomirbudic.Domain", "tihomirbudic.Domain\tihomirbudic.Domain.csproj", "{1766A80A-DDC2-4829-9D49-86F741B82EAD}"
EndProject
Project("{FAE04EC0-301F-11D3-BF4B-00C04F79EFBC}") = "tihomirbudic.Web", "tihomirbudic.Web\tihomirbudic.Web.csproj", "{371C85DC-C771-4C11-9743-244BCAFDEAA4}"
EndProject
Global
	GlobalSection(SolutionConfigurationPlatforms) = preSolution
		Debug|Any CPU = Debug|Any CPU
		Release|Any CPU = Release|Any CPU
	EndGlobalSection
	GlobalSection(ProjectConfigurationPlatforms) = postSolution
		{1766A80A-DDC2-4829-9D49-86F741B82EAD}.Debug|Any CPU.ActiveCfg = Debug|Any CPU
		{1766A80A-DDC2-4829-9D49-86F741B82EAD}.Debug|Any CPU.Build.0 = Debug|Any CPU
		{1766A80A-DDC2-4829-9D49-86F741B82EAD}.Release|Any CPU.ActiveCfg = Release|Any CPU
		{1766A80A-DDC2-4829-9D49-86F741B82EAD}.Release|Any CPU.Build.0 = Release|Any CPU
		{371C85DC-C771-4C11-9743-244BCAFDEAA4}.Debug|Any CPU.ActiveCfg = Debug|Any CPU
		{371C85DC-C771-4C11-9743-244BCAFDEAA4}.Debug|Any CPU.Build.0 = Debug|Any CPU
		{371C85DC-C771-4C11-9743-244BCAFDEAA4}.Release|Any CPU.ActiveCfg = Release|Any CPU
		{371C85DC-C771-4C11-9743-244BCAFDEAA4}.Release|Any CPU.Build.0 = Release|Any CPU
	EndGlobalSection
	GlobalSection(SolutionProperties) = preSolution
		HideSolutionNode = FALSE
	EndGlobalSection
EndGlobal
